
Microsoft Visual Studio Solution File, Format Version 12.00
# Visual Studio Version 17
VisualStudioVersion = 17.8.34302.71
MinimumVisualStudioVersion = 10.0.40219.1
Project("{FAE04EC0-301F-11D3-BF4B-00C04F79EFBC}") = "01_Base", "01_Base\01_Base.csproj", "{932AD688-7FEC-4886-8A36-4BD3939F331D}"
EndProject
Global
	GlobalSection(SolutionConfigurationPlatforms) = preSolution
		Debug|Any CPU = Debug|Any CPU
		Release|Any CPU = Release|Any CPU
	EndGlobalSection
	GlobalSection(ProjectConfigurationPlatforms) = postSolution
		{932AD688-7FEC-4886-8A36-4BD3939F331D}.Debug|Any CPU.ActiveCfg = Debug|Any CPU
		{932AD688-7FEC-4886-8A36-4BD3939F331D}.Debug|Any CPU.Build.0 = Debug|Any CPU
		{932AD688-7FEC-4886-8A36-4BD3939F331D}.Release|Any CPU.ActiveCfg = Release|Any CPU
		{932AD688-7FEC-4886-8A36-4BD3939F331D}.Release|Any CPU.Build.0 = Release|Any CPU
	EndGlobalSection
	GlobalSection(SolutionProperties) = preSolution
		HideSolutionNode = FALSE
	EndGlobalSection
	GlobalSection(ExtensibilityGlobals) = postSolution
		SolutionGuid = {0D2B5346-0A4C-4FAB-8790-3DF5A9D2E815}
	EndGlobalSection
EndGlobal
