
Microsoft Visual Studio Solution File, Format Version 12.00
# Visual Studio Version 17
VisualStudioVersion = 17.8.34302.71
MinimumVisualStudioVersion = 10.0.40219.1
Project("{FAE04EC0-301F-11D3-BF4B-00C04F79EFBC}") = "Site", "Site\Site.csproj", "{E1C7E703-607A-4736-B3E2-F83CFD5AEF7F}"
EndProject
Global
	GlobalSection(SolutionConfigurationPlatforms) = preSolution
		Debug|Any CPU = Debug|Any CPU
		Release|Any CPU = Release|Any CPU
	EndGlobalSection
	GlobalSection(ProjectConfigurationPlatforms) = postSolution
		{E1C7E703-607A-4736-B3E2-F83CFD5AEF7F}.Debug|Any CPU.ActiveCfg = Debug|Any CPU
		{E1C7E703-607A-4736-B3E2-F83CFD5AEF7F}.Debug|Any CPU.Build.0 = Debug|Any CPU
		{E1C7E703-607A-4736-B3E2-F83CFD5AEF7F}.Release|Any CPU.ActiveCfg = Release|Any CPU
		{E1C7E703-607A-4736-B3E2-F83CFD5AEF7F}.Release|Any CPU.Build.0 = Release|Any CPU
	EndGlobalSection
	GlobalSection(SolutionProperties) = preSolution
		HideSolutionNode = FALSE
	EndGlobalSection
	GlobalSection(ExtensibilityGlobals) = postSolution
		SolutionGuid = {9D797841-2E1E-4CE2-B7FC-42FD2638D44A}
	EndGlobalSection
EndGlobal
