
Microsoft Visual Studio Solution File, Format Version 12.00
# Visual Studio Version 17
VisualStudioVersion = 17.8.34219.65
MinimumVisualStudioVersion = 10.0.40219.1
Project("{9A19103F-16F7-4668-BE54-9A1E7A4F7556}") = "01_Base", "01_Base\01_Base.csproj", "{23E261B2-1A36-4C1F-9B7A-C55206E190F2}"
EndProject
Project("{9A19103F-16F7-4668-BE54-9A1E7A4F7556}") = "02_SimpleAPI", "02_SimpleAPI\02_SimpleAPI.csproj", "{08764538-5B1A-4B5B-855B-DB7A433C0CDA}"
EndProject
Project("{9A19103F-16F7-4668-BE54-9A1E7A4F7556}") = "03_UseMapWhenMiddleware", "03_UseMapWhenMiddleware\03_UseMapWhenMiddleware.csproj", "{A0475089-D802-43C5-A2E9-152C1C9F1C48}"
EndProject
Project("{9A19103F-16F7-4668-BE54-9A1E7A4F7556}") = "04_DependencyInjection", "04_DependencyInjection\04_DependencyInjection.csproj", "{3B237537-318A-479F-9ED8-0269318AD652}"
EndProject
Project("{9A19103F-16F7-4668-BE54-9A1E7A4F7556}") = "05_DependencyInjection", "05_DependencyInjection\05_DependencyInjection.csproj", "{3C313276-596B-4918-B588-BA6350407927}"
EndProject
Project("{9A19103F-16F7-4668-BE54-9A1E7A4F7556}") = "06_DependencyInjection", "06_DependencyInjection\06_DependencyInjection.csproj", "{0E2401A8-DE0F-479C-87EA-CB7BF59891E0}"
EndProject
Project("{9A19103F-16F7-4668-BE54-9A1E7A4F7556}") = "07_DependencyInjection", "07_DependencyInjection\07_DependencyInjection.csproj", "{DCA50C95-5C47-4874-8498-6D5ED505D033}"
EndProject
Project("{9A19103F-16F7-4668-BE54-9A1E7A4F7556}") = "08_Routing", "08_Routing\08_Routing.csproj", "{0041A150-2A45-4D6F-9D69-BE106F971639}"
EndProject
Project("{9A19103F-16F7-4668-BE54-9A1E7A4F7556}") = "09_Configuration", "09_Configuration\09_Configuration.csproj", "{BE8D81B7-104E-41DF-BACA-FE32AA9E52CB}"
EndProject
Project("{9A19103F-16F7-4668-BE54-9A1E7A4F7556}") = "10_Configuration", "10_Configuration\10_Configuration.csproj", "{CB45E02F-2B23-402B-B274-D159983B7AFF}"
EndProject
Project("{9A19103F-16F7-4668-BE54-9A1E7A4F7556}") = "11_Logger", "11_Logger\11_Logger.csproj", "{05714435-99DB-46CB-B5DB-7A507809E2DB}"
EndProject
Project("{9A19103F-16F7-4668-BE54-9A1E7A4F7556}") = "12_ResultsAPI", "12_ResultsAPI\12_ResultsAPI.csproj", "{02B54EC3-A0FF-41B3-B46E-CD3669846A4B}"
EndProject
Project("{9A19103F-16F7-4668-BE54-9A1E7A4F7556}") = "13_WebAPI", "13_WebAPI\13_WebAPI.csproj", "{EE8D9D77-D358-44E2-826E-2C6FE2060C6D}"
EndProject
Project("{9A19103F-16F7-4668-BE54-9A1E7A4F7556}") = "14_EntityFrameworkCore", "14_EntityFrameworkCore\14_EntityFrameworkCore.csproj", "{7B06ABD9-1669-412D-B520-10B3767BC8B2}"
EndProject
Project("{9A19103F-16F7-4668-BE54-9A1E7A4F7556}") = "15_AuthenticationAndAuthorization", "15_AuthenticationAndAuthorization\15_AuthenticationAndAuthorization.csproj", "{E6A982FE-2692-4C1A-877E-0CA746B842BF}"
EndProject
Project("{9A19103F-16F7-4668-BE54-9A1E7A4F7556}") = "16_AuthorizationJWT", "16_AuthorizationJWT\16_AuthorizationJWT.csproj", "{33BA40EF-D36E-4C91-80DD-516A7759188F}"
EndProject
Project("{FAE04EC0-301F-11D3-BF4B-00C04F79EFBC}") = "17_AuthenticationCookie", "17_AuthenticationCookie\17_AuthenticationCookie.csproj", "{BF8EA819-73F2-4589-AF09-D7501BA8E862}"
EndProject
Global
	GlobalSection(SolutionConfigurationPlatforms) = preSolution
		Debug|Any CPU = Debug|Any CPU
		Release|Any CPU = Release|Any CPU
	EndGlobalSection
	GlobalSection(ProjectConfigurationPlatforms) = postSolution
		{23E261B2-1A36-4C1F-9B7A-C55206E190F2}.Debug|Any CPU.ActiveCfg = Debug|Any CPU
		{23E261B2-1A36-4C1F-9B7A-C55206E190F2}.Debug|Any CPU.Build.0 = Debug|Any CPU
		{23E261B2-1A36-4C1F-9B7A-C55206E190F2}.Release|Any CPU.ActiveCfg = Release|Any CPU
		{23E261B2-1A36-4C1F-9B7A-C55206E190F2}.Release|Any CPU.Build.0 = Release|Any CPU
		{08764538-5B1A-4B5B-855B-DB7A433C0CDA}.Debug|Any CPU.ActiveCfg = Debug|Any CPU
		{08764538-5B1A-4B5B-855B-DB7A433C0CDA}.Debug|Any CPU.Build.0 = Debug|Any CPU
		{08764538-5B1A-4B5B-855B-DB7A433C0CDA}.Release|Any CPU.ActiveCfg = Release|Any CPU
		{08764538-5B1A-4B5B-855B-DB7A433C0CDA}.Release|Any CPU.Build.0 = Release|Any CPU
		{A0475089-D802-43C5-A2E9-152C1C9F1C48}.Debug|Any CPU.ActiveCfg = Debug|Any CPU
		{A0475089-D802-43C5-A2E9-152C1C9F1C48}.Debug|Any CPU.Build.0 = Debug|Any CPU
		{A0475089-D802-43C5-A2E9-152C1C9F1C48}.Release|Any CPU.ActiveCfg = Release|Any CPU
		{A0475089-D802-43C5-A2E9-152C1C9F1C48}.Release|Any CPU.Build.0 = Release|Any CPU
		{3B237537-318A-479F-9ED8-0269318AD652}.Debug|Any CPU.ActiveCfg = Debug|Any CPU
		{3B237537-318A-479F-9ED8-0269318AD652}.Debug|Any CPU.Build.0 = Debug|Any CPU
		{3B237537-318A-479F-9ED8-0269318AD652}.Release|Any CPU.ActiveCfg = Release|Any CPU
		{3B237537-318A-479F-9ED8-0269318AD652}.Release|Any CPU.Build.0 = Release|Any CPU
		{3C313276-596B-4918-B588-BA6350407927}.Debug|Any CPU.ActiveCfg = Debug|Any CPU
		{3C313276-596B-4918-B588-BA6350407927}.Debug|Any CPU.Build.0 = Debug|Any CPU
		{3C313276-596B-4918-B588-BA6350407927}.Release|Any CPU.ActiveCfg = Release|Any CPU
		{3C313276-596B-4918-B588-BA6350407927}.Release|Any CPU.Build.0 = Release|Any CPU
		{0E2401A8-DE0F-479C-87EA-CB7BF59891E0}.Debug|Any CPU.ActiveCfg = Debug|Any CPU
		{0E2401A8-DE0F-479C-87EA-CB7BF59891E0}.Debug|Any CPU.Build.0 = Debug|Any CPU
		{0E2401A8-DE0F-479C-87EA-CB7BF59891E0}.Release|Any CPU.ActiveCfg = Release|Any CPU
		{0E2401A8-DE0F-479C-87EA-CB7BF59891E0}.Release|Any CPU.Build.0 = Release|Any CPU
		{DCA50C95-5C47-4874-8498-6D5ED505D033}.Debug|Any CPU.ActiveCfg = Debug|Any CPU
		{DCA50C95-5C47-4874-8498-6D5ED505D033}.Debug|Any CPU.Build.0 = Debug|Any CPU
		{DCA50C95-5C47-4874-8498-6D5ED505D033}.Release|Any CPU.ActiveCfg = Release|Any CPU
		{DCA50C95-5C47-4874-8498-6D5ED505D033}.Release|Any CPU.Build.0 = Release|Any CPU
		{0041A150-2A45-4D6F-9D69-BE106F971639}.Debug|Any CPU.ActiveCfg = Debug|Any CPU
		{0041A150-2A45-4D6F-9D69-BE106F971639}.Debug|Any CPU.Build.0 = Debug|Any CPU
		{0041A150-2A45-4D6F-9D69-BE106F971639}.Release|Any CPU.ActiveCfg = Release|Any CPU
		{0041A150-2A45-4D6F-9D69-BE106F971639}.Release|Any CPU.Build.0 = Release|Any CPU
		{BE8D81B7-104E-41DF-BACA-FE32AA9E52CB}.Debug|Any CPU.ActiveCfg = Debug|Any CPU
		{BE8D81B7-104E-41DF-BACA-FE32AA9E52CB}.Debug|Any CPU.Build.0 = Debug|Any CPU
		{BE8D81B7-104E-41DF-BACA-FE32AA9E52CB}.Release|Any CPU.ActiveCfg = Release|Any CPU
		{BE8D81B7-104E-41DF-BACA-FE32AA9E52CB}.Release|Any CPU.Build.0 = Release|Any CPU
		{CB45E02F-2B23-402B-B274-D159983B7AFF}.Debug|Any CPU.ActiveCfg = Debug|Any CPU
		{CB45E02F-2B23-402B-B274-D159983B7AFF}.Debug|Any CPU.Build.0 = Debug|Any CPU
		{CB45E02F-2B23-402B-B274-D159983B7AFF}.Release|Any CPU.ActiveCfg = Release|Any CPU
		{CB45E02F-2B23-402B-B274-D159983B7AFF}.Release|Any CPU.Build.0 = Release|Any CPU
		{05714435-99DB-46CB-B5DB-7A507809E2DB}.Debug|Any CPU.ActiveCfg = Debug|Any CPU
		{05714435-99DB-46CB-B5DB-7A507809E2DB}.Debug|Any CPU.Build.0 = Debug|Any CPU
		{05714435-99DB-46CB-B5DB-7A507809E2DB}.Release|Any CPU.ActiveCfg = Release|Any CPU
		{05714435-99DB-46CB-B5DB-7A507809E2DB}.Release|Any CPU.Build.0 = Release|Any CPU
		{02B54EC3-A0FF-41B3-B46E-CD3669846A4B}.Debug|Any CPU.ActiveCfg = Debug|Any CPU
		{02B54EC3-A0FF-41B3-B46E-CD3669846A4B}.Debug|Any CPU.Build.0 = Debug|Any CPU
		{02B54EC3-A0FF-41B3-B46E-CD3669846A4B}.Release|Any CPU.ActiveCfg = Release|Any CPU
		{02B54EC3-A0FF-41B3-B46E-CD3669846A4B}.Release|Any CPU.Build.0 = Release|Any CPU
		{EE8D9D77-D358-44E2-826E-2C6FE2060C6D}.Debug|Any CPU.ActiveCfg = Debug|Any CPU
		{EE8D9D77-D358-44E2-826E-2C6FE2060C6D}.Debug|Any CPU.Build.0 = Debug|Any CPU
		{EE8D9D77-D358-44E2-826E-2C6FE2060C6D}.Release|Any CPU.ActiveCfg = Release|Any CPU
		{EE8D9D77-D358-44E2-826E-2C6FE2060C6D}.Release|Any CPU.Build.0 = Release|Any CPU
		{7B06ABD9-1669-412D-B520-10B3767BC8B2}.Debug|Any CPU.ActiveCfg = Debug|Any CPU
		{7B06ABD9-1669-412D-B520-10B3767BC8B2}.Debug|Any CPU.Build.0 = Debug|Any CPU
		{7B06ABD9-1669-412D-B520-10B3767BC8B2}.Release|Any CPU.ActiveCfg = Release|Any CPU
		{7B06ABD9-1669-412D-B520-10B3767BC8B2}.Release|Any CPU.Build.0 = Release|Any CPU
		{E6A982FE-2692-4C1A-877E-0CA746B842BF}.Debug|Any CPU.ActiveCfg = Debug|Any CPU
		{E6A982FE-2692-4C1A-877E-0CA746B842BF}.Debug|Any CPU.Build.0 = Debug|Any CPU
		{E6A982FE-2692-4C1A-877E-0CA746B842BF}.Release|Any CPU.ActiveCfg = Release|Any CPU
		{E6A982FE-2692-4C1A-877E-0CA746B842BF}.Release|Any CPU.Build.0 = Release|Any CPU
		{33BA40EF-D36E-4C91-80DD-516A7759188F}.Debug|Any CPU.ActiveCfg = Debug|Any CPU
		{33BA40EF-D36E-4C91-80DD-516A7759188F}.Debug|Any CPU.Build.0 = Debug|Any CPU
		{33BA40EF-D36E-4C91-80DD-516A7759188F}.Release|Any CPU.ActiveCfg = Release|Any CPU
		{33BA40EF-D36E-4C91-80DD-516A7759188F}.Release|Any CPU.Build.0 = Release|Any CPU
		{BF8EA819-73F2-4589-AF09-D7501BA8E862}.Debug|Any CPU.ActiveCfg = Debug|Any CPU
		{BF8EA819-73F2-4589-AF09-D7501BA8E862}.Debug|Any CPU.Build.0 = Debug|Any CPU
		{BF8EA819-73F2-4589-AF09-D7501BA8E862}.Release|Any CPU.ActiveCfg = Release|Any CPU
		{BF8EA819-73F2-4589-AF09-D7501BA8E862}.Release|Any CPU.Build.0 = Release|Any CPU
	EndGlobalSection
	GlobalSection(SolutionProperties) = preSolution
		HideSolutionNode = FALSE
	EndGlobalSection
	GlobalSection(ExtensibilityGlobals) = postSolution
		SolutionGuid = {EC566C2C-4A01-41E8-BEEB-DB7D1A065A5C}
	EndGlobalSection
EndGlobal
